
Microsoft Visual Studio Solution File, Format Version 12.00
# Visual Studio 2013
VisualStudioVersion = 12.0.31101.0
MinimumVisualStudioVersion = 10.0.40219.1
Project("{FAE04EC0-301F-11D3-BF4B-00C04F79EFBC}") = "InkyBeta4", "InkyBeta4\InkyBeta4.csproj", "{B155F6E8-C2E6-42E9-A2A1-69385BBECA50}"
EndProject
Global
	GlobalSection(SolutionConfigurationPlatforms) = preSolution
		Debug|Any CPU = Debug|Any CPU
		Release|Any CPU = Release|Any CPU
	EndGlobalSection
	GlobalSection(ProjectConfigurationPlatforms) = postSolution
		{B155F6E8-C2E6-42E9-A2A1-69385BBECA50}.Debug|Any CPU.ActiveCfg = Debug|Any CPU
		{B155F6E8-C2E6-42E9-A2A1-69385BBECA50}.Debug|Any CPU.Build.0 = Debug|Any CPU
		{B155F6E8-C2E6-42E9-A2A1-69385BBECA50}.Release|Any CPU.ActiveCfg = Release|Any CPU
		{B155F6E8-C2E6-42E9-A2A1-69385BBECA50}.Release|Any CPU.Build.0 = Release|Any CPU
	EndGlobalSection
	GlobalSection(SolutionProperties) = preSolution
		HideSolutionNode = FALSE
	EndGlobalSection
EndGlobal
