
Microsoft Visual Studio Solution File, Format Version 12.00
# Visual Studio 2013
VisualStudioVersion = 12.0.31101.0
MinimumVisualStudioVersion = 10.0.40219.1
Project("{FAE04EC0-301F-11D3-BF4B-00C04F79EFBC}") = "InkyBeta.View", "InkyBeta4\InkyBeta.View.csproj", "{B155F6E8-C2E6-42E9-A2A1-69385BBECA50}"
EndProject
Project("{FAE04EC0-301F-11D3-BF4B-00C04F79EFBC}") = "InkyBeta.Core", "InkyBeta.Core\InkyBeta.Core.csproj", "{0E33D17E-16E0-470D-A928-2664434EA7C9}"
EndProject
Project("{FAE04EC0-301F-11D3-BF4B-00C04F79EFBC}") = "InkyBeta.Data", "InkyBeta.Data\InkyBeta.Data.csproj", "{FD7DFEDE-EB1E-451F-80A9-900E3637B4D0}"
EndProject
Project("{FAE04EC0-301F-11D3-BF4B-00C04F79EFBC}") = "InkyBeta.Business", "InkyBeta.Business\InkyBeta.Business.csproj", "{338F2D56-746E-43C0-8AA8-368338BF936D}"
EndProject
Global
	GlobalSection(SolutionConfigurationPlatforms) = preSolution
		Debug|Any CPU = Debug|Any CPU
		Release|Any CPU = Release|Any CPU
	EndGlobalSection
	GlobalSection(ProjectConfigurationPlatforms) = postSolution
		{B155F6E8-C2E6-42E9-A2A1-69385BBECA50}.Debug|Any CPU.ActiveCfg = Debug|Any CPU
		{B155F6E8-C2E6-42E9-A2A1-69385BBECA50}.Debug|Any CPU.Build.0 = Debug|Any CPU
		{B155F6E8-C2E6-42E9-A2A1-69385BBECA50}.Release|Any CPU.ActiveCfg = Release|Any CPU
		{B155F6E8-C2E6-42E9-A2A1-69385BBECA50}.Release|Any CPU.Build.0 = Release|Any CPU
		{0E33D17E-16E0-470D-A928-2664434EA7C9}.Debug|Any CPU.ActiveCfg = Debug|Any CPU
		{0E33D17E-16E0-470D-A928-2664434EA7C9}.Debug|Any CPU.Build.0 = Debug|Any CPU
		{0E33D17E-16E0-470D-A928-2664434EA7C9}.Release|Any CPU.ActiveCfg = Release|Any CPU
		{0E33D17E-16E0-470D-A928-2664434EA7C9}.Release|Any CPU.Build.0 = Release|Any CPU
		{FD7DFEDE-EB1E-451F-80A9-900E3637B4D0}.Debug|Any CPU.ActiveCfg = Debug|Any CPU
		{FD7DFEDE-EB1E-451F-80A9-900E3637B4D0}.Debug|Any CPU.Build.0 = Debug|Any CPU
		{FD7DFEDE-EB1E-451F-80A9-900E3637B4D0}.Release|Any CPU.ActiveCfg = Release|Any CPU
		{FD7DFEDE-EB1E-451F-80A9-900E3637B4D0}.Release|Any CPU.Build.0 = Release|Any CPU
		{338F2D56-746E-43C0-8AA8-368338BF936D}.Debug|Any CPU.ActiveCfg = Debug|Any CPU
		{338F2D56-746E-43C0-8AA8-368338BF936D}.Debug|Any CPU.Build.0 = Debug|Any CPU
		{338F2D56-746E-43C0-8AA8-368338BF936D}.Release|Any CPU.ActiveCfg = Release|Any CPU
		{338F2D56-746E-43C0-8AA8-368338BF936D}.Release|Any CPU.Build.0 = Release|Any CPU
	EndGlobalSection
	GlobalSection(SolutionProperties) = preSolution
		HideSolutionNode = FALSE
	EndGlobalSection
EndGlobal
